
Microsoft Visual Studio Solution File, Format Version 12.00
# Visual Studio Version 17
VisualStudioVersion = 17.10.35027.167
MinimumVisualStudioVersion = 10.0.40219.1
Project("{FAE04EC0-301F-11D3-BF4B-00C04F79EFBC}") = "WebApplication2", "WebApplication2\WebApplication2.csproj", "{798696AA-27D8-4FFF-B56C-0E562A74A0D4}"
EndProject
Global
	GlobalSection(SolutionConfigurationPlatforms) = preSolution
		Debug|Any CPU = Debug|Any CPU
		Release|Any CPU = Release|Any CPU
	EndGlobalSection
	GlobalSection(ProjectConfigurationPlatforms) = postSolution
		{798696AA-27D8-4FFF-B56C-0E562A74A0D4}.Debug|Any CPU.ActiveCfg = Debug|Any CPU
		{798696AA-27D8-4FFF-B56C-0E562A74A0D4}.Debug|Any CPU.Build.0 = Debug|Any CPU
		{798696AA-27D8-4FFF-B56C-0E562A74A0D4}.Release|Any CPU.ActiveCfg = Release|Any CPU
		{798696AA-27D8-4FFF-B56C-0E562A74A0D4}.Release|Any CPU.Build.0 = Release|Any CPU
	EndGlobalSection
	GlobalSection(SolutionProperties) = preSolution
		HideSolutionNode = FALSE
	EndGlobalSection
	GlobalSection(ExtensibilityGlobals) = postSolution
		SolutionGuid = {251776DB-82AB-4D33-8ADB-F4314BCE375A}
	EndGlobalSection
EndGlobal
